
Microsoft Visual Studio Solution File, Format Version 12.00
# Visual Studio Version 16
VisualStudioVersion = 16.0.32602.291
MinimumVisualStudioVersion = 10.0.40219.1
Project("{FAE04EC0-301F-11D3-BF4B-00C04F79EFBC}") = "WindowsFormsApp1", "WindowsFormsApp1\WindowsFormsApp1.csproj", "{7CE48151-828D-4CC7-B6E9-ADAB7BAD9539}"
EndProject
Global
	GlobalSection(SolutionConfigurationPlatforms) = preSolution
		Debug|Any CPU = Debug|Any CPU
		Release|Any CPU = Release|Any CPU
	EndGlobalSection
	GlobalSection(ProjectConfigurationPlatforms) = postSolution
		{7CE48151-828D-4CC7-B6E9-ADAB7BAD9539}.Debug|Any CPU.ActiveCfg = Debug|Any CPU
		{7CE48151-828D-4CC7-B6E9-ADAB7BAD9539}.Debug|Any CPU.Build.0 = Debug|Any CPU
		{7CE48151-828D-4CC7-B6E9-ADAB7BAD9539}.Release|Any CPU.ActiveCfg = Release|Any CPU
		{7CE48151-828D-4CC7-B6E9-ADAB7BAD9539}.Release|Any CPU.Build.0 = Release|Any CPU
	EndGlobalSection
	GlobalSection(SolutionProperties) = preSolution
		HideSolutionNode = FALSE
	EndGlobalSection
	GlobalSection(ExtensibilityGlobals) = postSolution
		SolutionGuid = {D3E6CA11-A994-4D0D-8C06-81ADF5FF4E5E}
	EndGlobalSection
EndGlobal
